
Microsoft Visual Studio Solution File, Format Version 12.00
# Visual Studio Version 16
VisualStudioVersion = 16.0.32126.315
MinimumVisualStudioVersion = 10.0.40219.1
Project("{9A19103F-16F7-4668-BE54-9A1E7A4F7556}") = "ShukriWebApplication", "ShukriWebApplication\ShukriWebApplication.csproj", "{94C3CC0C-6B8F-45A1-A5C5-AA2F467B8E4A}"
EndProject
Project("{FAE04EC0-301F-11D3-BF4B-00C04F79EFBC}") = "UnitTestProject", "UnitTestProject\UnitTestProject.csproj", "{976666C3-CCD4-41A5-9325-3DC21B2F9FE6}"
EndProject
Global
	GlobalSection(SolutionConfigurationPlatforms) = preSolution
		Debug|Any CPU = Debug|Any CPU
		Release|Any CPU = Release|Any CPU
	EndGlobalSection
	GlobalSection(ProjectConfigurationPlatforms) = postSolution
		{94C3CC0C-6B8F-45A1-A5C5-AA2F467B8E4A}.Debug|Any CPU.ActiveCfg = Debug|Any CPU
		{94C3CC0C-6B8F-45A1-A5C5-AA2F467B8E4A}.Debug|Any CPU.Build.0 = Debug|Any CPU
		{94C3CC0C-6B8F-45A1-A5C5-AA2F467B8E4A}.Release|Any CPU.ActiveCfg = Release|Any CPU
		{94C3CC0C-6B8F-45A1-A5C5-AA2F467B8E4A}.Release|Any CPU.Build.0 = Release|Any CPU
		{976666C3-CCD4-41A5-9325-3DC21B2F9FE6}.Debug|Any CPU.ActiveCfg = Debug|Any CPU
		{976666C3-CCD4-41A5-9325-3DC21B2F9FE6}.Debug|Any CPU.Build.0 = Debug|Any CPU
		{976666C3-CCD4-41A5-9325-3DC21B2F9FE6}.Release|Any CPU.ActiveCfg = Release|Any CPU
		{976666C3-CCD4-41A5-9325-3DC21B2F9FE6}.Release|Any CPU.Build.0 = Release|Any CPU
	EndGlobalSection
	GlobalSection(SolutionProperties) = preSolution
		HideSolutionNode = FALSE
	EndGlobalSection
	GlobalSection(ExtensibilityGlobals) = postSolution
		SolutionGuid = {2E331387-7308-4E4A-B62D-7F65850EACB5}
	EndGlobalSection
EndGlobal
